
Microsoft Visual Studio Solution File, Format Version 12.00
# Visual Studio 15
VisualStudioVersion = 15.0.28307.539
MinimumVisualStudioVersion = 10.0.40219.1
Project("{FAE04EC0-301F-11D3-BF4B-00C04F79EFBC}") = "TEST UPLOAD", "TEST UPLOAD\TEST UPLOAD.csproj", "{AC9F6BDE-DFE2-4989-B051-92F2CF3B4322}"
EndProject
Global
	GlobalSection(SolutionConfigurationPlatforms) = preSolution
		Debug|Any CPU = Debug|Any CPU
		Release|Any CPU = Release|Any CPU
	EndGlobalSection
	GlobalSection(ProjectConfigurationPlatforms) = postSolution
		{AC9F6BDE-DFE2-4989-B051-92F2CF3B4322}.Debug|Any CPU.ActiveCfg = Debug|Any CPU
		{AC9F6BDE-DFE2-4989-B051-92F2CF3B4322}.Debug|Any CPU.Build.0 = Debug|Any CPU
		{AC9F6BDE-DFE2-4989-B051-92F2CF3B4322}.Release|Any CPU.ActiveCfg = Release|Any CPU
		{AC9F6BDE-DFE2-4989-B051-92F2CF3B4322}.Release|Any CPU.Build.0 = Release|Any CPU
	EndGlobalSection
	GlobalSection(SolutionProperties) = preSolution
		HideSolutionNode = FALSE
	EndGlobalSection
	GlobalSection(ExtensibilityGlobals) = postSolution
		SolutionGuid = {48B44884-A635-4FF5-A1E2-3755A989E154}
	EndGlobalSection
EndGlobal
